// !$*UTF8*$!
{
	archiveVersion = 1;
	classes = {
	};
	objectVersion = 56;
	objects = {

/* Begin PBXBuildFile section */
		1C3F6CE929B3AA3900563664 /* SplashViewController.swift in Sources */ = {isa = PBXBuildFile; fileRef = 1C3F6CE829B3AA3900563664 /* SplashViewController.swift */; };
		1C3F6CEB29B44CBF00563664 /* PulsingView.swift in Sources */ = {isa = PBXBuildFile; fileRef = 1C3F6CEA29B44CBE00563664 /* PulsingView.swift */; };
		1C5CF18629CE2ED100FF0CF1 /* StickerCollectionViewCell.swift in Sources */ = {isa = PBXBuildFile; fileRef = 1C5CF18529CE2ED100FF0CF1 /* StickerCollectionViewCell.swift */; };
		1C5CF18829CE2F3600FF0CF1 /* MoodPickerViewController.swift in Sources */ = {isa = PBXBuildFile; fileRef = 1C5CF18729CE2F3600FF0CF1 /* MoodPickerViewController.swift */; };
		1C5CF18A29CE33D200FF0CF1 /* StickerPickerProtocol.swift in Sources */ = {isa = PBXBuildFile; fileRef = 1C5CF18929CE33D200FF0CF1 /* StickerPickerProtocol.swift */; };
		1C66B30C29DB806B0089BE57 /* HealthStore.swift in Sources */ = {isa = PBXBuildFile; fileRef = 1C66B30B29DB806B0089BE57 /* HealthStore.swift */; };
		3040D4B129AF218300579643 /* AppDelegate.swift in Sources */ = {isa = PBXBuildFile; fileRef = 3040D4B029AF218300579643 /* AppDelegate.swift */; };
		3040D4B329AF218300579643 /* SceneDelegate.swift in Sources */ = {isa = PBXBuildFile; fileRef = 3040D4B229AF218300579643 /* SceneDelegate.swift */; };
		3040D4B529AF218300579643 /* ViewController.swift in Sources */ = {isa = PBXBuildFile; fileRef = 3040D4B429AF218300579643 /* ViewController.swift */; };
		3040D4B829AF218300579643 /* Main.storyboard in Resources */ = {isa = PBXBuildFile; fileRef = 3040D4B629AF218300579643 /* Main.storyboard */; };
		3040D4BB29AF218300579643 /* Momento.xcdatamodeld in Sources */ = {isa = PBXBuildFile; fileRef = 3040D4B929AF218300579643 /* Momento.xcdatamodeld */; };
		3040D4BD29AF218500579643 /* Assets.xcassets in Resources */ = {isa = PBXBuildFile; fileRef = 3040D4BC29AF218500579643 /* Assets.xcassets */; };
		3040D4C029AF218500579643 /* LaunchScreen.storyboard in Resources */ = {isa = PBXBuildFile; fileRef = 3040D4BE29AF218500579643 /* LaunchScreen.storyboard */; };
		3040D4C829B504C900579643 /* JournalEntry.swift in Sources */ = {isa = PBXBuildFile; fileRef = 3040D4C729B504C900579643 /* JournalEntry.swift */; };
		3040D4CA29B5075100579643 /* User.swift in Sources */ = {isa = PBXBuildFile; fileRef = 3040D4C929B5075100579643 /* User.swift */; };
		3040D4CC29B5091800579643 /* GlobalVariables.swift in Sources */ = {isa = PBXBuildFile; fileRef = 3040D4CB29B5091700579643 /* GlobalVariables.swift */; };
		D5075BFF29B52DB600DE249E /* PostViewController.swift in Sources */ = {isa = PBXBuildFile; fileRef = D5075BFE29B52DB600DE249E /* PostViewController.swift */; };
		D5075C0229B5BCF400DE249E /* PostTableViewCell.swift in Sources */ = {isa = PBXBuildFile; fileRef = D5075C0029B5BCF400DE249E /* PostTableViewCell.swift */; };
		D5075C0329B5BCF400DE249E /* PostTableViewCell.xib in Resources */ = {isa = PBXBuildFile; fileRef = D5075C0129B5BCF400DE249E /* PostTableViewCell.xib */; };
		D5075C0729B5C22400DE249E /* HomeBeforePostingViewController.swift in Sources */ = {isa = PBXBuildFile; fileRef = D5075C0629B5C22400DE249E /* HomeBeforePostingViewController.swift */; };
		D5075C0929B5CA6E00DE249E /* HomeBeforePostingViewController.xib in Resources */ = {isa = PBXBuildFile; fileRef = D5075C0829B5CA6E00DE249E /* HomeBeforePostingViewController.xib */; };
		D5075C1029B5CE1100DE249E /* HomeAfterPostedViewController.swift in Sources */ = {isa = PBXBuildFile; fileRef = D5075C0E29B5CE1100DE249E /* HomeAfterPostedViewController.swift */; };
		D5075C1129B5CE1100DE249E /* HomeAfterPostedViewController.xib in Resources */ = {isa = PBXBuildFile; fileRef = D5075C0F29B5CE1100DE249E /* HomeAfterPostedViewController.xib */; };
		D5075C1329B6AC0000DE249E /* PostFillerProtocol.swift in Sources */ = {isa = PBXBuildFile; fileRef = D5075C1229B6ABFF00DE249E /* PostFillerProtocol.swift */; };
		D5075C1629B7950800DE249E /* FirebaseAuth in Frameworks */ = {isa = PBXBuildFile; productRef = D5075C1529B7950800DE249E /* FirebaseAuth */; };
		D5075C1B29B7978D00DE249E /* SignupViewController.swift in Sources */ = {isa = PBXBuildFile; fileRef = D5075C1A29B7978D00DE249E /* SignupViewController.swift */; };
		D5075C1D29B843B700DE249E /* README.pdf in Resources */ = {isa = PBXBuildFile; fileRef = D5075C1C29B843B700DE249E /* README.pdf */; };
		D51B59C229B1051E00C2CDF7 /* LoginViewController.swift in Sources */ = {isa = PBXBuildFile; fileRef = D51B59C129B1051E00C2CDF7 /* LoginViewController.swift */; };
		D51B59C429B107A100C2CDF7 /* GoogleService-Info.plist in Resources */ = {isa = PBXBuildFile; fileRef = D51B59C329B107A100C2CDF7 /* GoogleService-Info.plist */; };
		D51B59C629B1A5AA00C2CDF7 /* HomeViewController.swift in Sources */ = {isa = PBXBuildFile; fileRef = D51B59C529B1A5AA00C2CDF7 /* HomeViewController.swift */; };
		D521EBD529B49559009777BB /* FeedViewController.swift in Sources */ = {isa = PBXBuildFile; fileRef = D521EBD429B49559009777BB /* FeedViewController.swift */; };
		D521EBD729B49569009777BB /* ProfileViewController.swift in Sources */ = {isa = PBXBuildFile; fileRef = D521EBD629B49569009777BB /* ProfileViewController.swift */; };
		D521EBD929B4A248009777BB /* SettingsViewController.swift in Sources */ = {isa = PBXBuildFile; fileRef = D521EBD829B4A248009777BB /* SettingsViewController.swift */; };
		D521EBDB29B4A259009777BB /* FriendsViewController.swift in Sources */ = {isa = PBXBuildFile; fileRef = D521EBDA29B4A259009777BB /* FriendsViewController.swift */; };
		D521EBDD29B4A27D009777BB /* CreateEntryViewController.swift in Sources */ = {isa = PBXBuildFile; fileRef = D521EBDC29B4A27D009777BB /* CreateEntryViewController.swift */; };
/* End PBXBuildFile section */

/* Begin PBXFileReference section */
		1C3F6CE829B3AA3900563664 /* SplashViewController.swift */ = {isa = PBXFileReference; lastKnownFileType = sourcecode.swift; path = SplashViewController.swift; sourceTree = "<group>"; };
		1C3F6CEA29B44CBE00563664 /* PulsingView.swift */ = {isa = PBXFileReference; lastKnownFileType = sourcecode.swift; path = PulsingView.swift; sourceTree = "<group>"; };
		1C5CF18529CE2ED100FF0CF1 /* StickerCollectionViewCell.swift */ = {isa = PBXFileReference; lastKnownFileType = sourcecode.swift; path = StickerCollectionViewCell.swift; sourceTree = "<group>"; };
		1C5CF18729CE2F3600FF0CF1 /* MoodPickerViewController.swift */ = {isa = PBXFileReference; lastKnownFileType = sourcecode.swift; path = MoodPickerViewController.swift; sourceTree = "<group>"; };
		1C5CF18929CE33D200FF0CF1 /* StickerPickerProtocol.swift */ = {isa = PBXFileReference; lastKnownFileType = sourcecode.swift; path = StickerPickerProtocol.swift; sourceTree = "<group>"; };
		1C66B30B29DB806B0089BE57 /* HealthStore.swift */ = {isa = PBXFileReference; lastKnownFileType = sourcecode.swift; path = HealthStore.swift; sourceTree = "<group>"; };
		3040D4AD29AF218200579643 /* Momento.app */ = {isa = PBXFileReference; explicitFileType = wrapper.application; includeInIndex = 0; path = Momento.app; sourceTree = BUILT_PRODUCTS_DIR; };
		3040D4B029AF218300579643 /* AppDelegate.swift */ = {isa = PBXFileReference; lastKnownFileType = sourcecode.swift; path = AppDelegate.swift; sourceTree = "<group>"; };
		3040D4B229AF218300579643 /* SceneDelegate.swift */ = {isa = PBXFileReference; lastKnownFileType = sourcecode.swift; path = SceneDelegate.swift; sourceTree = "<group>"; };
		3040D4B429AF218300579643 /* ViewController.swift */ = {isa = PBXFileReference; lastKnownFileType = sourcecode.swift; path = ViewController.swift; sourceTree = "<group>"; };
		3040D4B729AF218300579643 /* Base */ = {isa = PBXFileReference; lastKnownFileType = file.storyboard; name = Base; path = Base.lproj/Main.storyboard; sourceTree = "<group>"; };
		3040D4BA29AF218300579643 /* Momento.xcdatamodel */ = {isa = PBXFileReference; lastKnownFileType = wrapper.xcdatamodel; path = Momento.xcdatamodel; sourceTree = "<group>"; };
		3040D4BC29AF218500579643 /* Assets.xcassets */ = {isa = PBXFileReference; lastKnownFileType = folder.assetcatalog; path = Assets.xcassets; sourceTree = "<group>"; };
		3040D4BF29AF218500579643 /* Base */ = {isa = PBXFileReference; lastKnownFileType = file.storyboard; name = Base; path = Base.lproj/LaunchScreen.storyboard; sourceTree = "<group>"; };
		3040D4C129AF218500579643 /* Info.plist */ = {isa = PBXFileReference; lastKnownFileType = text.plist.xml; path = Info.plist; sourceTree = "<group>"; };
		3040D4C729B504C900579643 /* JournalEntry.swift */ = {isa = PBXFileReference; lastKnownFileType = sourcecode.swift; path = JournalEntry.swift; sourceTree = "<group>"; };
		3040D4C929B5075100579643 /* User.swift */ = {isa = PBXFileReference; lastKnownFileType = sourcecode.swift; path = User.swift; sourceTree = "<group>"; };
		3040D4CB29B5091700579643 /* GlobalVariables.swift */ = {isa = PBXFileReference; lastKnownFileType = sourcecode.swift; path = GlobalVariables.swift; sourceTree = "<group>"; };
		D5075BFE29B52DB600DE249E /* PostViewController.swift */ = {isa = PBXFileReference; lastKnownFileType = sourcecode.swift; path = PostViewController.swift; sourceTree = "<group>"; };
		D5075C0029B5BCF400DE249E /* PostTableViewCell.swift */ = {isa = PBXFileReference; lastKnownFileType = sourcecode.swift; path = PostTableViewCell.swift; sourceTree = "<group>"; };
		D5075C0129B5BCF400DE249E /* PostTableViewCell.xib */ = {isa = PBXFileReference; lastKnownFileType = file.xib; path = PostTableViewCell.xib; sourceTree = "<group>"; };
		D5075C0629B5C22400DE249E /* HomeBeforePostingViewController.swift */ = {isa = PBXFileReference; lastKnownFileType = sourcecode.swift; path = HomeBeforePostingViewController.swift; sourceTree = "<group>"; };
		D5075C0829B5CA6E00DE249E /* HomeBeforePostingViewController.xib */ = {isa = PBXFileReference; lastKnownFileType = file.xib; path = HomeBeforePostingViewController.xib; sourceTree = "<group>"; };
		D5075C0E29B5CE1100DE249E /* HomeAfterPostedViewController.swift */ = {isa = PBXFileReference; lastKnownFileType = sourcecode.swift; path = HomeAfterPostedViewController.swift; sourceTree = "<group>"; };
		D5075C0F29B5CE1100DE249E /* HomeAfterPostedViewController.xib */ = {isa = PBXFileReference; lastKnownFileType = file.xib; path = HomeAfterPostedViewController.xib; sourceTree = "<group>"; };
		D5075C1229B6ABFF00DE249E /* PostFillerProtocol.swift */ = {isa = PBXFileReference; lastKnownFileType = sourcecode.swift; path = PostFillerProtocol.swift; sourceTree = "<group>"; };
		D5075C1729B7963B00DE249E /* Momento.entitlements */ = {isa = PBXFileReference; lastKnownFileType = text.plist.entitlements; path = Momento.entitlements; sourceTree = "<group>"; };
		D5075C1A29B7978D00DE249E /* SignupViewController.swift */ = {isa = PBXFileReference; lastKnownFileType = sourcecode.swift; path = SignupViewController.swift; sourceTree = "<group>"; };
		D5075C1C29B843B700DE249E /* README.pdf */ = {isa = PBXFileReference; lastKnownFileType = image.pdf; path = README.pdf; sourceTree = "<group>"; };
		D51B59C129B1051E00C2CDF7 /* LoginViewController.swift */ = {isa = PBXFileReference; lastKnownFileType = sourcecode.swift; path = LoginViewController.swift; sourceTree = "<group>"; };
		D51B59C329B107A100C2CDF7 /* GoogleService-Info.plist */ = {isa = PBXFileReference; fileEncoding = 4; lastKnownFileType = text.plist.xml; path = "GoogleService-Info.plist"; sourceTree = "<group>"; };
		D51B59C529B1A5AA00C2CDF7 /* HomeViewController.swift */ = {isa = PBXFileReference; lastKnownFileType = sourcecode.swift; path = HomeViewController.swift; sourceTree = "<group>"; };
		D521EBD429B49559009777BB /* FeedViewController.swift */ = {isa = PBXFileReference; lastKnownFileType = sourcecode.swift; path = FeedViewController.swift; sourceTree = "<group>"; };
		D521EBD629B49569009777BB /* ProfileViewController.swift */ = {isa = PBXFileReference; lastKnownFileType = sourcecode.swift; path = ProfileViewController.swift; sourceTree = "<group>"; };
		D521EBD829B4A248009777BB /* SettingsViewController.swift */ = {isa = PBXFileReference; lastKnownFileType = sourcecode.swift; path = SettingsViewController.swift; sourceTree = "<group>"; };
		D521EBDA29B4A259009777BB /* FriendsViewController.swift */ = {isa = PBXFileReference; lastKnownFileType = sourcecode.swift; path = FriendsViewController.swift; sourceTree = "<group>"; };
		D521EBDC29B4A27D009777BB /* CreateEntryViewController.swift */ = {isa = PBXFileReference; lastKnownFileType = sourcecode.swift; path = CreateEntryViewController.swift; sourceTree = "<group>"; };
/* End PBXFileReference section */

/* Begin PBXFrameworksBuildPhase section */
		3040D4AA29AF218200579643 /* Frameworks */ = {
			isa = PBXFrameworksBuildPhase;
			buildActionMask = 2147483647;
			files = (
				D5075C1629B7950800DE249E /* FirebaseAuth in Frameworks */,
			);
			runOnlyForDeploymentPostprocessing = 0;
		};
/* End PBXFrameworksBuildPhase section */

/* Begin PBXGroup section */
		3040D4A429AF218200579643 = {
			isa = PBXGroup;
			children = (
				3040D4AF29AF218200579643 /* Momento */,
				3040D4AE29AF218200579643 /* Products */,
			);
			sourceTree = "<group>";
		};
		3040D4AE29AF218200579643 /* Products */ = {
			isa = PBXGroup;
			children = (
				3040D4AD29AF218200579643 /* Momento.app */,
			);
			name = Products;
			sourceTree = "<group>";
		};
		3040D4AF29AF218200579643 /* Momento */ = {
			isa = PBXGroup;
			children = (
				D5075C1C29B843B700DE249E /* README.pdf */,
				D5075C1729B7963B00DE249E /* Momento.entitlements */,
				3093C86C29B750BA00B9D2F9 /* Models */,
				3093C86B29B7507700B9D2F9 /* View Controllers */,
				3040D4B029AF218300579643 /* AppDelegate.swift */,
				3040D4B229AF218300579643 /* SceneDelegate.swift */,
				3040D4B629AF218300579643 /* Main.storyboard */,
				D5075C0029B5BCF400DE249E /* PostTableViewCell.swift */,
				D5075C0129B5BCF400DE249E /* PostTableViewCell.xib */,
				D5075C1229B6ABFF00DE249E /* PostFillerProtocol.swift */,
				3040D4CB29B5091700579643 /* GlobalVariables.swift */,
				3040D4BE29AF218500579643 /* LaunchScreen.storyboard */,
				1C3F6CEA29B44CBE00563664 /* PulsingView.swift */,
				3040D4BC29AF218500579643 /* Assets.xcassets */,
				3040D4C129AF218500579643 /* Info.plist */,
				3040D4B929AF218300579643 /* Momento.xcdatamodeld */,
				D51B59C329B107A100C2CDF7 /* GoogleService-Info.plist */,
			);
			path = Momento;
			sourceTree = "<group>";
		};
		3093C86B29B7507700B9D2F9 /* View Controllers */ = {
			isa = PBXGroup;
			children = (
				3040D4B429AF218300579643 /* ViewController.swift */,
				D51B59C529B1A5AA00C2CDF7 /* HomeViewController.swift */,
				D5075C0629B5C22400DE249E /* HomeBeforePostingViewController.swift */,
				D5075C0829B5CA6E00DE249E /* HomeBeforePostingViewController.xib */,
				D5075C0E29B5CE1100DE249E /* HomeAfterPostedViewController.swift */,
				D5075C0F29B5CE1100DE249E /* HomeAfterPostedViewController.xib */,
				D521EBDC29B4A27D009777BB /* CreateEntryViewController.swift */,
				D521EBDA29B4A259009777BB /* FriendsViewController.swift */,
				D521EBD829B4A248009777BB /* SettingsViewController.swift */,
				D521EBD429B49559009777BB /* FeedViewController.swift */,
				D521EBD629B49569009777BB /* ProfileViewController.swift */,
				D5075BFE29B52DB600DE249E /* PostViewController.swift */,
				1C3F6CE829B3AA3900563664 /* SplashViewController.swift */,
				D51B59C129B1051E00C2CDF7 /* LoginViewController.swift */,
				D5075C1A29B7978D00DE249E /* SignupViewController.swift */,
				1C5CF18529CE2ED100FF0CF1 /* StickerCollectionViewCell.swift */,
				1C5CF18729CE2F3600FF0CF1 /* MoodPickerViewController.swift */,
				1C5CF18929CE33D200FF0CF1 /* StickerPickerProtocol.swift */,
			);
			path = "View Controllers";
			sourceTree = "<group>";
		};
		3093C86C29B750BA00B9D2F9 /* Models */ = {
			isa = PBXGroup;
			children = (
				3040D4C929B5075100579643 /* User.swift */,
				3040D4C729B504C900579643 /* JournalEntry.swift */,
				1C66B30B29DB806B0089BE57 /* HealthStore.swift */,
			);
			path = Models;
			sourceTree = "<group>";
		};
/* End PBXGroup section */

/* Begin PBXNativeTarget section */
		3040D4AC29AF218200579643 /* Momento */ = {
			isa = PBXNativeTarget;
			buildConfigurationList = 3040D4C429AF218500579643 /* Build configuration list for PBXNativeTarget "Momento" */;
			buildPhases = (
				3040D4A929AF218200579643 /* Sources */,
				3040D4AA29AF218200579643 /* Frameworks */,
				3040D4AB29AF218200579643 /* Resources */,
			);
			buildRules = (
			);
			dependencies = (
			);
			name = Momento;
			packageProductDependencies = (
				D5075C1529B7950800DE249E /* FirebaseAuth */,
			);
			productName = Momento;
			productReference = 3040D4AD29AF218200579643 /* Momento.app */;
			productType = "com.apple.product-type.application";
		};
/* End PBXNativeTarget section */

/* Begin PBXProject section */
		3040D4A529AF218200579643 /* Project object */ = {
			isa = PBXProject;
			attributes = {
				BuildIndependentTargetsInParallel = 1;
				LastSwiftUpdateCheck = 1420;
				LastUpgradeCheck = 1420;
				TargetAttributes = {
					3040D4AC29AF218200579643 = {
						CreatedOnToolsVersion = 14.2;
					};
				};
			};
			buildConfigurationList = 3040D4A829AF218200579643 /* Build configuration list for PBXProject "Momento" */;
			compatibilityVersion = "Xcode 14.0";
			developmentRegion = en;
			hasScannedForEncodings = 0;
			knownRegions = (
				en,
				Base,
			);
			mainGroup = 3040D4A429AF218200579643;
			packageReferences = (
				D5075C1429B7950800DE249E /* XCRemoteSwiftPackageReference "firebase-ios-sdk" */,
			);
			productRefGroup = 3040D4AE29AF218200579643 /* Products */;
			projectDirPath = "";
			projectRoot = "";
			targets = (
				3040D4AC29AF218200579643 /* Momento */,
			);
		};
/* End PBXProject section */

/* Begin PBXResourcesBuildPhase section */
		3040D4AB29AF218200579643 /* Resources */ = {
			isa = PBXResourcesBuildPhase;
			buildActionMask = 2147483647;
			files = (
				D5075C1D29B843B700DE249E /* README.pdf in Resources */,
				3040D4C029AF218500579643 /* LaunchScreen.storyboard in Resources */,
				D51B59C429B107A100C2CDF7 /* GoogleService-Info.plist in Resources */,
				D5075C0329B5BCF400DE249E /* PostTableViewCell.xib in Resources */,
				D5075C0929B5CA6E00DE249E /* HomeBeforePostingViewController.xib in Resources */,
				3040D4BD29AF218500579643 /* Assets.xcassets in Resources */,
				3040D4B829AF218300579643 /* Main.storyboard in Resources */,
				D5075C1129B5CE1100DE249E /* HomeAfterPostedViewController.xib in Resources */,
			);
			runOnlyForDeploymentPostprocessing = 0;
		};
/* End PBXResourcesBuildPhase section */

/* Begin PBXSourcesBuildPhase section */
		3040D4A929AF218200579643 /* Sources */ = {
			isa = PBXSourcesBuildPhase;
			buildActionMask = 2147483647;
			files = (
				D5075BFF29B52DB600DE249E /* PostViewController.swift in Sources */,
				3040D4B529AF218300579643 /* ViewController.swift in Sources */,
				D5075C1B29B7978D00DE249E /* SignupViewController.swift in Sources */,
				D521EBD529B49559009777BB /* FeedViewController.swift in Sources */,
				D521EBD929B4A248009777BB /* SettingsViewController.swift in Sources */,
				1C5CF18A29CE33D200FF0CF1 /* StickerPickerProtocol.swift in Sources */,
				D521EBDD29B4A27D009777BB /* CreateEntryViewController.swift in Sources */,
				1C5CF18629CE2ED100FF0CF1 /* StickerCollectionViewCell.swift in Sources */,
				D5075C0229B5BCF400DE249E /* PostTableViewCell.swift in Sources */,
				D521EBD729B49569009777BB /* ProfileViewController.swift in Sources */,
				D521EBDB29B4A259009777BB /* FriendsViewController.swift in Sources */,
				1C3F6CEB29B44CBF00563664 /* PulsingView.swift in Sources */,
				3040D4B129AF218300579643 /* AppDelegate.swift in Sources */,
				3040D4CA29B5075100579643 /* User.swift in Sources */,
				1C5CF18829CE2F3600FF0CF1 /* MoodPickerViewController.swift in Sources */,
				3040D4B329AF218300579643 /* SceneDelegate.swift in Sources */,
				D5075C1029B5CE1100DE249E /* HomeAfterPostedViewController.swift in Sources */,
				3040D4CC29B5091800579643 /* GlobalVariables.swift in Sources */,
				D5075C1329B6AC0000DE249E /* PostFillerProtocol.swift in Sources */,
				D51B59C229B1051E00C2CDF7 /* LoginViewController.swift in Sources */,
				3040D4BB29AF218300579643 /* Momento.xcdatamodeld in Sources */,
				1C66B30C29DB806B0089BE57 /* HealthStore.swift in Sources */,
				1C3F6CE929B3AA3900563664 /* SplashViewController.swift in Sources */,
				3040D4C829B504C900579643 /* JournalEntry.swift in Sources */,
				D51B59C629B1A5AA00C2CDF7 /* HomeViewController.swift in Sources */,
				D5075C0729B5C22400DE249E /* HomeBeforePostingViewController.swift in Sources */,
			);
			runOnlyForDeploymentPostprocessing = 0;
		};
/* End PBXSourcesBuildPhase section */

/* Begin PBXVariantGroup section */
		3040D4B629AF218300579643 /* Main.storyboard */ = {
			isa = PBXVariantGroup;
			children = (
				3040D4B729AF218300579643 /* Base */,
			);
			name = Main.storyboard;
			sourceTree = "<group>";
		};
		3040D4BE29AF218500579643 /* LaunchScreen.storyboard */ = {
			isa = PBXVariantGroup;
			children = (
				3040D4BF29AF218500579643 /* Base */,
			);
			name = LaunchScreen.storyboard;
			sourceTree = "<group>";
		};
/* End PBXVariantGroup section */

/* Begin XCBuildConfiguration section */
		3040D4C229AF218500579643 /* Debug */ = {
			isa = XCBuildConfiguration;
			buildSettings = {
				ALWAYS_SEARCH_USER_PATHS = NO;
				CLANG_ANALYZER_NONNULL = YES;
				CLANG_ANALYZER_NUMBER_OBJECT_CONVERSION = YES_AGGRESSIVE;
				CLANG_CXX_LANGUAGE_STANDARD = "gnu++20";
				CLANG_ENABLE_MODULES = YES;
				CLANG_ENABLE_OBJC_ARC = YES;
				CLANG_ENABLE_OBJC_WEAK = YES;
				CLANG_WARN_BLOCK_CAPTURE_AUTORELEASING = YES;
				CLANG_WARN_BOOL_CONVERSION = YES;
				CLANG_WARN_COMMA = YES;
				CLANG_WARN_CONSTANT_CONVERSION = YES;
				CLANG_WARN_DEPRECATED_OBJC_IMPLEMENTATIONS = YES;
				CLANG_WARN_DIRECT_OBJC_ISA_USAGE = YES_ERROR;
				CLANG_WARN_DOCUMENTATION_COMMENTS = YES;
				CLANG_WARN_EMPTY_BODY = YES;
				CLANG_WARN_ENUM_CONVERSION = YES;
				CLANG_WARN_INFINITE_RECURSION = YES;
				CLANG_WARN_INT_CONVERSION = YES;
				CLANG_WARN_NON_LITERAL_NULL_CONVERSION = YES;
				CLANG_WARN_OBJC_IMPLICIT_RETAIN_SELF = YES;
				CLANG_WARN_OBJC_LITERAL_CONVERSION = YES;
				CLANG_WARN_OBJC_ROOT_CLASS = YES_ERROR;
				CLANG_WARN_QUOTED_INCLUDE_IN_FRAMEWORK_HEADER = YES;
				CLANG_WARN_RANGE_LOOP_ANALYSIS = YES;
				CLANG_WARN_STRICT_PROTOTYPES = YES;
				CLANG_WARN_SUSPICIOUS_MOVE = YES;
				CLANG_WARN_UNGUARDED_AVAILABILITY = YES_AGGRESSIVE;
				CLANG_WARN_UNREACHABLE_CODE = YES;
				CLANG_WARN__DUPLICATE_METHOD_MATCH = YES;
				COPY_PHASE_STRIP = NO;
				DEBUG_INFORMATION_FORMAT = dwarf;
				ENABLE_STRICT_OBJC_MSGSEND = YES;
				ENABLE_TESTABILITY = YES;
				GCC_C_LANGUAGE_STANDARD = gnu11;
				GCC_DYNAMIC_NO_PIC = NO;
				GCC_NO_COMMON_BLOCKS = YES;
				GCC_OPTIMIZATION_LEVEL = 0;
				GCC_PREPROCESSOR_DEFINITIONS = (
					"DEBUG=1",
					"$(inherited)",
				);
				GCC_WARN_64_TO_32_BIT_CONVERSION = YES;
				GCC_WARN_ABOUT_RETURN_TYPE = YES_ERROR;
				GCC_WARN_UNDECLARED_SELECTOR = YES;
				GCC_WARN_UNINITIALIZED_AUTOS = YES_AGGRESSIVE;
				GCC_WARN_UNUSED_FUNCTION = YES;
				GCC_WARN_UNUSED_VARIABLE = YES;
				IPHONEOS_DEPLOYMENT_TARGET = 16.2;
				MTL_ENABLE_DEBUG_INFO = INCLUDE_SOURCE;
				MTL_FAST_MATH = YES;
				ONLY_ACTIVE_ARCH = YES;
				SDKROOT = iphoneos;
				SWIFT_ACTIVE_COMPILATION_CONDITIONS = DEBUG;
				SWIFT_OPTIMIZATION_LEVEL = "-Onone";
			};
			name = Debug;
		};
		3040D4C329AF218500579643 /* Release */ = {
			isa = XCBuildConfiguration;
			buildSettings = {
				ALWAYS_SEARCH_USER_PATHS = NO;
				CLANG_ANALYZER_NONNULL = YES;
				CLANG_ANALYZER_NUMBER_OBJECT_CONVERSION = YES_AGGRESSIVE;
				CLANG_CXX_LANGUAGE_STANDARD = "gnu++20";
				CLANG_ENABLE_MODULES = YES;
				CLANG_ENABLE_OBJC_ARC = YES;
				CLANG_ENABLE_OBJC_WEAK = YES;
				CLANG_WARN_BLOCK_CAPTURE_AUTORELEASING = YES;
				CLANG_WARN_BOOL_CONVERSION = YES;
				CLANG_WARN_COMMA = YES;
				CLANG_WARN_CONSTANT_CONVERSION = YES;
				CLANG_WARN_DEPRECATED_OBJC_IMPLEMENTATIONS = YES;
				CLANG_WARN_DIRECT_OBJC_ISA_USAGE = YES_ERROR;
				CLANG_WARN_DOCUMENTATION_COMMENTS = YES;
				CLANG_WARN_EMPTY_BODY = YES;
				CLANG_WARN_ENUM_CONVERSION = YES;
				CLANG_WARN_INFINITE_RECURSION = YES;
				CLANG_WARN_INT_CONVERSION = YES;
				CLANG_WARN_NON_LITERAL_NULL_CONVERSION = YES;
				CLANG_WARN_OBJC_IMPLICIT_RETAIN_SELF = YES;
				CLANG_WARN_OBJC_LITERAL_CONVERSION = YES;
				CLANG_WARN_OBJC_ROOT_CLASS = YES_ERROR;
				CLANG_WARN_QUOTED_INCLUDE_IN_FRAMEWORK_HEADER = YES;
				CLANG_WARN_RANGE_LOOP_ANALYSIS = YES;
				CLANG_WARN_STRICT_PROTOTYPES = YES;
				CLANG_WARN_SUSPICIOUS_MOVE = YES;
				CLANG_WARN_UNGUARDED_AVAILABILITY = YES_AGGRESSIVE;
				CLANG_WARN_UNREACHABLE_CODE = YES;
				CLANG_WARN__DUPLICATE_METHOD_MATCH = YES;
				COPY_PHASE_STRIP = NO;
				DEBUG_INFORMATION_FORMAT = "dwarf-with-dsym";
				ENABLE_NS_ASSERTIONS = NO;
				ENABLE_STRICT_OBJC_MSGSEND = YES;
				GCC_C_LANGUAGE_STANDARD = gnu11;
				GCC_NO_COMMON_BLOCKS = YES;
				GCC_WARN_64_TO_32_BIT_CONVERSION = YES;
				GCC_WARN_ABOUT_RETURN_TYPE = YES_ERROR;
				GCC_WARN_UNDECLARED_SELECTOR = YES;
				GCC_WARN_UNINITIALIZED_AUTOS = YES_AGGRESSIVE;
				GCC_WARN_UNUSED_FUNCTION = YES;
				GCC_WARN_UNUSED_VARIABLE = YES;
				IPHONEOS_DEPLOYMENT_TARGET = 16.2;
				MTL_ENABLE_DEBUG_INFO = NO;
				MTL_FAST_MATH = YES;
				SDKROOT = iphoneos;
				SWIFT_COMPILATION_MODE = wholemodule;
				SWIFT_OPTIMIZATION_LEVEL = "-O";
				VALIDATE_PRODUCT = YES;
			};
			name = Release;
		};
		3040D4C529AF218500579643 /* Debug */ = {
			isa = XCBuildConfiguration;
			buildSettings = {
				ASSETCATALOG_COMPILER_APPICON_NAME = AppIcon;
				ASSETCATALOG_COMPILER_GLOBAL_ACCENT_COLOR_NAME = AccentColor;
				CODE_SIGN_ENTITLEMENTS = Momento/Momento.entitlements;
				CODE_SIGN_STYLE = Automatic;
				CURRENT_PROJECT_VERSION = 1;
				DEVELOPMENT_TEAM = "";
				GENERATE_INFOPLIST_FILE = YES;
				INFOPLIST_FILE = Momento/Info.plist;
				INFOPLIST_KEY_UIApplicationSupportsIndirectInputEvents = YES;
				INFOPLIST_KEY_UILaunchStoryboardName = LaunchScreen;
				INFOPLIST_KEY_UIMainStoryboardFile = Main;
				INFOPLIST_KEY_UISupportedInterfaceOrientations_iPad = "UIInterfaceOrientationPortrait UIInterfaceOrientationPortraitUpsideDown UIInterfaceOrientationLandscapeLeft UIInterfaceOrientationLandscapeRight";
				INFOPLIST_KEY_UISupportedInterfaceOrientations_iPhone = "UIInterfaceOrientationPortrait UIInterfaceOrientationLandscapeLeft UIInterfaceOrientationLandscapeRight";
				LD_RUNPATH_SEARCH_PATHS = (
					"$(inherited)",
					"@executable_path/Frameworks",
				);
				MARKETING_VERSION = 1.0;
				PRODUCT_BUNDLE_IDENTIFIER = utcs.Momento;
				PRODUCT_NAME = "$(TARGET_NAME)";
				SWIFT_EMIT_LOC_STRINGS = YES;
				SWIFT_VERSION = 5.0;
				TARGETED_DEVICE_FAMILY = "1,2";
			};
			name = Debug;
		};
		3040D4C629AF218500579643 /* Release */ = {
			isa = XCBuildConfiguration;
			buildSettings = {
				ASSETCATALOG_COMPILER_APPICON_NAME = AppIcon;
				ASSETCATALOG_COMPILER_GLOBAL_ACCENT_COLOR_NAME = AccentColor;
				CODE_SIGN_ENTITLEMENTS = Momento/Momento.entitlements;
				CODE_SIGN_STYLE = Automatic;
				CURRENT_PROJECT_VERSION = 1;
				DEVELOPMENT_TEAM = "";
				GENERATE_INFOPLIST_FILE = YES;
				INFOPLIST_FILE = Momento/Info.plist;
				INFOPLIST_KEY_UIApplicationSupportsIndirectInputEvents = YES;
				INFOPLIST_KEY_UILaunchStoryboardName = LaunchScreen;
				INFOPLIST_KEY_UIMainStoryboardFile = Main;
				INFOPLIST_KEY_UISupportedInterfaceOrientations_iPad = "UIInterfaceOrientationPortrait UIInterfaceOrientationPortraitUpsideDown UIInterfaceOrientationLandscapeLeft UIInterfaceOrientationLandscapeRight";
				INFOPLIST_KEY_UISupportedInterfaceOrientations_iPhone = "UIInterfaceOrientationPortrait UIInterfaceOrientationLandscapeLeft UIInterfaceOrientationLandscapeRight";
				LD_RUNPATH_SEARCH_PATHS = (
					"$(inherited)",
					"@executable_path/Frameworks",
				);
				MARKETING_VERSION = 1.0;
				PRODUCT_BUNDLE_IDENTIFIER = utcs.Momento;
				PRODUCT_NAME = "$(TARGET_NAME)";
				SWIFT_EMIT_LOC_STRINGS = YES;
				SWIFT_VERSION = 5.0;
				TARGETED_DEVICE_FAMILY = "1,2";
			};
			name = Release;
		};
/* End XCBuildConfiguration section */

/* Begin XCConfigurationList section */
		3040D4A829AF218200579643 /* Build configuration list for PBXProject "Momento" */ = {
			isa = XCConfigurationList;
			buildConfigurations = (
				3040D4C229AF218500579643 /* Debug */,
				3040D4C329AF218500579643 /* Release */,
			);
			defaultConfigurationIsVisible = 0;
			defaultConfigurationName = Release;
		};
		3040D4C429AF218500579643 /* Build configuration list for PBXNativeTarget "Momento" */ = {
			isa = XCConfigurationList;
			buildConfigurations = (
				3040D4C529AF218500579643 /* Debug */,
				3040D4C629AF218500579643 /* Release */,
			);
			defaultConfigurationIsVisible = 0;
			defaultConfigurationName = Release;
		};
/* End XCConfigurationList section */

/* Begin XCRemoteSwiftPackageReference section */
		D5075C1429B7950800DE249E /* XCRemoteSwiftPackageReference "firebase-ios-sdk" */ = {
			isa = XCRemoteSwiftPackageReference;
			repositoryURL = "https://github.com/firebase/firebase-ios-sdk";
			requirement = {
				branch = master;
				kind = branch;
			};
		};
/* End XCRemoteSwiftPackageReference section */

/* Begin XCSwiftPackageProductDependency section */
		D5075C1529B7950800DE249E /* FirebaseAuth */ = {
			isa = XCSwiftPackageProductDependency;
			package = D5075C1429B7950800DE249E /* XCRemoteSwiftPackageReference "firebase-ios-sdk" */;
			productName = FirebaseAuth;
		};
/* End XCSwiftPackageProductDependency section */

/* Begin XCVersionGroup section */
		3040D4B929AF218300579643 /* Momento.xcdatamodeld */ = {
			isa = XCVersionGroup;
			children = (
				3040D4BA29AF218300579643 /* Momento.xcdatamodel */,
			);
			currentVersion = 3040D4BA29AF218300579643 /* Momento.xcdatamodel */;
			path = Momento.xcdatamodeld;
			sourceTree = "<group>";
			versionGroupType = wrapper.xcdatamodel;
		};
/* End XCVersionGroup section */
	};
	rootObject = 3040D4A529AF218200579643 /* Project object */;
}
